{
  "name": "create-x-app",
  "version": "0.3.0",
  "lockfileVersion": 1,
  "requires": true,
  "dependencies": {
    "3h-cli": {
      "version": "1.5.0",
      "resolved": "https://registry.npmjs.org/3h-cli/-/3h-cli-1.5.0.tgz",
      "integrity": "sha512-VVel6gMrZnHccRBY5gVmTQL11KiDWigwpfZn7vf/VK4L9a98dmfB9eBJmhLk/O8mPHv3MGqFaofrFTj/zIhRQA=="
    },
    "@types/node": {
      "version": "13.1.4",
      "resolved": "https://registry.npm.taobao.org/@types/node/download/@types/node-13.1.4.tgz",
      "integrity": "sha1-TP2QF1ogDumwK9axzRm8NJdBYH4=",
      "dev": true
    },
    "herver": {
      "version": "0.2.0",
      "resolved": "https://registry.npm.taobao.org/herver/download/herver-0.2.0.tgz",
      "integrity": "sha1-10wOQ6EG9ZqcTYJs2MOhIOaTCoI=",
      "dev": true
    },
    "super-x": {
      "version": "0.7.0",
      "resolved": "https://registry.npm.taobao.org/super-x/download/super-x-0.7.0.tgz?cache=0&sync_timestamp=1578394699600&other_urls=https%3A%2F%2Fregistry.npm.taobao.org%2Fsuper-x%2Fdownload%2Fsuper-x-0.7.0.tgz",
      "integrity": "sha1-q4J06zAPGWO6u3gHWkz9vHIqhQo=",
      "dev": true
    }
  }
}
